
Microsoft Visual Studio Solution File, Format Version 12.00
# Visual Studio Version 16
VisualStudioVersion = 16.0.29509.3
MinimumVisualStudioVersion = 10.0.40219.1
Project("{9A19103F-16F7-4668-BE54-9A1E7A4F7556}") = "XentePaymentSDK.Net", "XentePaymentSDK.Net.csproj", "{A2ED6882-3ABE-4F18-A140-61E9B2DC83B4}"
EndProject
Project("{9A19103F-16F7-4668-BE54-9A1E7A4F7556}") = "PaymentCollectionConsoleApp", "..\PaymentCollectionConsoleApp\PaymentCollectionConsoleApp.csproj", "{D14BC13D-B1F0-4873-BADA-497881425D74}"
EndProject
Project("{9A19103F-16F7-4668-BE54-9A1E7A4F7556}") = "XentePaymentSDK.Tests", "..\XentePaymentSDK.Tests\XentePaymentSDK.Tests.csproj", "{69A92DCB-D7C2-48D0-B802-60CEA41393DF}"
EndProject
Global
	GlobalSection(SolutionConfigurationPlatforms) = preSolution
		Debug|Any CPU = Debug|Any CPU
		Release|Any CPU = Release|Any CPU
	EndGlobalSection
	GlobalSection(ProjectConfigurationPlatforms) = postSolution
		{A2ED6882-3ABE-4F18-A140-61E9B2DC83B4}.Debug|Any CPU.ActiveCfg = Debug|Any CPU
		{A2ED6882-3ABE-4F18-A140-61E9B2DC83B4}.Debug|Any CPU.Build.0 = Debug|Any CPU
		{A2ED6882-3ABE-4F18-A140-61E9B2DC83B4}.Release|Any CPU.ActiveCfg = Release|Any CPU
		{A2ED6882-3ABE-4F18-A140-61E9B2DC83B4}.Release|Any CPU.Build.0 = Release|Any CPU
		{D14BC13D-B1F0-4873-BADA-497881425D74}.Debug|Any CPU.ActiveCfg = Debug|Any CPU
		{D14BC13D-B1F0-4873-BADA-497881425D74}.Debug|Any CPU.Build.0 = Debug|Any CPU
		{D14BC13D-B1F0-4873-BADA-497881425D74}.Release|Any CPU.ActiveCfg = Release|Any CPU
		{D14BC13D-B1F0-4873-BADA-497881425D74}.Release|Any CPU.Build.0 = Release|Any CPU
		{69A92DCB-D7C2-48D0-B802-60CEA41393DF}.Debug|Any CPU.ActiveCfg = Debug|Any CPU
		{69A92DCB-D7C2-48D0-B802-60CEA41393DF}.Debug|Any CPU.Build.0 = Debug|Any CPU
		{69A92DCB-D7C2-48D0-B802-60CEA41393DF}.Release|Any CPU.ActiveCfg = Release|Any CPU
		{69A92DCB-D7C2-48D0-B802-60CEA41393DF}.Release|Any CPU.Build.0 = Release|Any CPU
	EndGlobalSection
	GlobalSection(SolutionProperties) = preSolution
		HideSolutionNode = FALSE
	EndGlobalSection
	GlobalSection(ExtensibilityGlobals) = postSolution
		SolutionGuid = {7F9A466F-71A2-4F31-A8E8-74887BC7E43A}
	EndGlobalSection
EndGlobal
